<?xml version="1.0" encoding="utf-8"?>
<Project ToolsVersion="4.0" xmlns="http://schemas.microsoft.com/developer/msbuild/2003">
  <ItemGroup>
    <Filter Include="UtilCore">
      <UniqueIdentifier>{c98d3c90-7564-4747-a91e-ca8f4d8bb6c4}</UniqueIdentifier>
    </Filter>
    <Filter Include="UtilCore\Util">
      <UniqueIdentifier>{4804a654-f563-4528-8470-8b18f3903e9a}</UniqueIdentifier>
    </Filter>
    <Filter Include="UtilCore\Memory">
      <UniqueIdentifier>{1dbd1242-d946-4422-ab3f-c3b160f9e672}</UniqueIdentifier>
    </Filter>
    <Filter Include="UtilCore\Thread">
      <UniqueIdentifier>{8140e92e-8778-4cbb-9e17-959c95d630c5}</UniqueIdentifier>
    </Filter>
    <Filter Include="UtilCore\Containers">
      <UniqueIdentifier>{25997d27-420d-4d43-b7d6-7360966f77ca}</UniqueIdentifier>
    </Filter>
    <Filter Include="UtilCore\Containers\Queue">
      <UniqueIdentifier>{a764a39a-a2e6-4402-892e-afbc041c42ec}</UniqueIdentifier>
    </Filter>
  </ItemGroup>
  <ItemGroup>
    <ClCompile Include="ShCopyMove.cpp" />
    <ClCompile Include="pch.cpp" />
    <ClCompile Include="..\..\Library\UtilCore\Memory\Allocator.cpp">
      <Filter>UtilCore\Memory</Filter>
    </ClCompile>
    <ClCompile Include="..\..\Library\UtilCore\Memory\Memory.cpp">
      <Filter>UtilCore\Memory</Filter>
    </ClCompile>
    <ClCompile Include="..\..\Library\UtilCore\Memory\MemoryPool.cpp">
      <Filter>UtilCore\Memory</Filter>
    </ClCompile>
    <ClCompile Include="..\..\Library\UtilCore\Util\CommonUtil.cpp">
      <Filter>UtilCore\Util</Filter>
    </ClCompile>
    <ClCompile Include="..\..\Library\UtilCore\Util\EncodingConvert.cpp">
      <Filter>UtilCore\Util</Filter>
    </ClCompile>
    <ClCompile Include="..\..\Library\UtilCore\Util\ShellUtil.cpp">
      <Filter>UtilCore\Util</Filter>
    </ClCompile>
    <ClCompile Include="..\..\Library\UtilCore\Util\WinCharsetConv.cpp">
      <Filter>UtilCore\Util</Filter>
    </ClCompile>
    <ClCompile Include="..\..\Library\UtilCore\Thread\ThreadManager.cpp">
      <Filter>UtilCore\Thread</Filter>
    </ClCompile>
    <ClCompile Include="..\..\Library\UtilCore\BaseTLS.cpp">
      <Filter>UtilCore</Filter>
    </ClCompile>
    <ClCompile Include="..\..\Library\UtilCore\Util\StringUtil.cpp">
      <Filter>UtilCore\Util</Filter>
    </ClCompile>
    <ClCompile Include="..\..\Library\UtilCore\Util\DirectoryUtil.cpp">
      <Filter>UtilCore\Util</Filter>
    </ClCompile>
    <ClCompile Include="..\..\Library\UtilCore\Util\Log.cpp">
      <Filter>UtilCore\Util</Filter>
    </ClCompile>
  </ItemGroup>
  <ItemGroup>
    <ClInclude Include="pch.h" />
    <ClInclude Include="..\..\Library\UtilCore\BaseDefine.h">
      <Filter>UtilCore</Filter>
    </ClInclude>
    <ClInclude Include="..\..\Library\UtilCore\BaseRedefineDataType.h">
      <Filter>UtilCore</Filter>
    </ClInclude>
    <ClInclude Include="..\..\Library\UtilCore\BaseMacro.h">
      <Filter>UtilCore</Filter>
    </ClInclude>
    <ClInclude Include="..\..\Library\UtilCore\Memory\Allocator.h">
      <Filter>UtilCore\Memory</Filter>
    </ClInclude>
    <ClInclude Include="..\..\Library\UtilCore\Memory\Containers.h">
      <Filter>UtilCore\Memory</Filter>
    </ClInclude>
    <ClInclude Include="..\..\Library\UtilCore\Memory\Memory.h">
      <Filter>UtilCore\Memory</Filter>
    </ClInclude>
    <ClInclude Include="..\..\Library\UtilCore\Memory\MemoryPool.h">
      <Filter>UtilCore\Memory</Filter>
    </ClInclude>
    <ClInclude Include="..\..\Library\UtilCore\Memory\RawAllocator.h">
      <Filter>UtilCore\Memory</Filter>
    </ClInclude>
    <ClInclude Include="..\..\Library\UtilCore\Util\CommonUtil.h">
      <Filter>UtilCore\Util</Filter>
    </ClInclude>
    <ClInclude Include="..\..\Library\UtilCore\Util\EncodingConvert.h">
      <Filter>UtilCore\Util</Filter>
    </ClInclude>
    <ClInclude Include="..\..\Library\UtilCore\Util\ShellUtil.h">
      <Filter>UtilCore\Util</Filter>
    </ClInclude>
    <ClInclude Include="..\..\Library\UtilCore\Util\WinCharsetConv.h">
      <Filter>UtilCore\Util</Filter>
    </ClInclude>
    <ClInclude Include="..\..\Library\UtilCore\Thread\ThreadManager.h">
      <Filter>UtilCore\Thread</Filter>
    </ClInclude>
    <ClInclude Include="..\..\Library\UtilCore\BaseTLS.h">
      <Filter>UtilCore</Filter>
    </ClInclude>
    <ClInclude Include="..\..\Library\UtilCore\Util\StringUtil.h">
      <Filter>UtilCore\Util</Filter>
    </ClInclude>
    <ClInclude Include="..\..\Library\UtilCore\Containers\Queue\ChunkedBlockingQueue.h">
      <Filter>UtilCore\Containers\Queue</Filter>
    </ClInclude>
    <ClInclude Include="..\..\Library\UtilCore\Util\DirectoryUtil.h">
      <Filter>UtilCore\Util</Filter>
    </ClInclude>
    <ClInclude Include="..\..\Library\UtilCore\Util\Log.h">
      <Filter>UtilCore\Util</Filter>
    </ClInclude>
  </ItemGroup>
</Project>